
Microsoft Visual Studio Solution File, Format Version 12.00
# Visual Studio Version 16
VisualStudioVersion = 16.0.31019.35
MinimumVisualStudioVersion = 10.0.40219.1
Project("{FAE04EC0-301F-11D3-BF4B-00C04F79EFBC}") = "lab2_task2", "lab2_task2\lab2_task2.csproj", "{0003BD79-E27C-4016-8AAC-D84959997F6B}"
EndProject
Global
	GlobalSection(SolutionConfigurationPlatforms) = preSolution
		Debug|Any CPU = Debug|Any CPU
		Release|Any CPU = Release|Any CPU
	EndGlobalSection
	GlobalSection(ProjectConfigurationPlatforms) = postSolution
		{0003BD79-E27C-4016-8AAC-D84959997F6B}.Debug|Any CPU.ActiveCfg = Debug|Any CPU
		{0003BD79-E27C-4016-8AAC-D84959997F6B}.Debug|Any CPU.Build.0 = Debug|Any CPU
		{0003BD79-E27C-4016-8AAC-D84959997F6B}.Release|Any CPU.ActiveCfg = Release|Any CPU
		{0003BD79-E27C-4016-8AAC-D84959997F6B}.Release|Any CPU.Build.0 = Release|Any CPU
	EndGlobalSection
	GlobalSection(SolutionProperties) = preSolution
		HideSolutionNode = FALSE
	EndGlobalSection
	GlobalSection(ExtensibilityGlobals) = postSolution
		SolutionGuid = {227260B3-FF7B-494C-AD44-EFD1DCB83A54}
	EndGlobalSection
EndGlobal
