
Microsoft Visual Studio Solution File, Format Version 12.00
# Visual Studio Version 16
VisualStudioVersion = 16.0.31019.35
MinimumVisualStudioVersion = 10.0.40219.1
Project("{FAE04EC0-301F-11D3-BF4B-00C04F79EFBC}") = "lab2_task3", "lab2_task3\lab2_task3.csproj", "{6B997307-55BA-478D-B382-40585082D481}"
EndProject
Global
	GlobalSection(SolutionConfigurationPlatforms) = preSolution
		Debug|Any CPU = Debug|Any CPU
		Release|Any CPU = Release|Any CPU
	EndGlobalSection
	GlobalSection(ProjectConfigurationPlatforms) = postSolution
		{6B997307-55BA-478D-B382-40585082D481}.Debug|Any CPU.ActiveCfg = Debug|Any CPU
		{6B997307-55BA-478D-B382-40585082D481}.Debug|Any CPU.Build.0 = Debug|Any CPU
		{6B997307-55BA-478D-B382-40585082D481}.Release|Any CPU.ActiveCfg = Release|Any CPU
		{6B997307-55BA-478D-B382-40585082D481}.Release|Any CPU.Build.0 = Release|Any CPU
	EndGlobalSection
	GlobalSection(SolutionProperties) = preSolution
		HideSolutionNode = FALSE
	EndGlobalSection
	GlobalSection(ExtensibilityGlobals) = postSolution
		SolutionGuid = {FFE5AD8B-3565-41C4-A9F4-C419229C7E8D}
	EndGlobalSection
EndGlobal
