
Microsoft Visual Studio Solution File, Format Version 12.00
# Visual Studio Version 16
VisualStudioVersion = 16.0.31005.135
MinimumVisualStudioVersion = 10.0.40219.1
Project("{FAE04EC0-301F-11D3-BF4B-00C04F79EFBC}") = "7", "7.csproj", "{DC2BDDC2-276C-4003-BC2F-BDD90A49DF53}"
EndProject
Global
	GlobalSection(SolutionConfigurationPlatforms) = preSolution
		Debug|Any CPU = Debug|Any CPU
		Release|Any CPU = Release|Any CPU
	EndGlobalSection
	GlobalSection(ProjectConfigurationPlatforms) = postSolution
		{DC2BDDC2-276C-4003-BC2F-BDD90A49DF53}.Debug|Any CPU.ActiveCfg = Debug|Any CPU
		{DC2BDDC2-276C-4003-BC2F-BDD90A49DF53}.Debug|Any CPU.Build.0 = Debug|Any CPU
		{DC2BDDC2-276C-4003-BC2F-BDD90A49DF53}.Release|Any CPU.ActiveCfg = Release|Any CPU
		{DC2BDDC2-276C-4003-BC2F-BDD90A49DF53}.Release|Any CPU.Build.0 = Release|Any CPU
	EndGlobalSection
	GlobalSection(SolutionProperties) = preSolution
		HideSolutionNode = FALSE
	EndGlobalSection
	GlobalSection(ExtensibilityGlobals) = postSolution
		SolutionGuid = {DFA33F00-1374-4693-B973-2A4D47A44402}
	EndGlobalSection
EndGlobal
